github.com/ahmetb/go-linq/v3 v3.2.0 h1:BEuMfp+b59io8g5wYzNoFe9pWPalRklhlhbiU3hYZDE=
github.com/ahmetb/go-linq/v3 v3.2.0/go.mod h1:haQ3JfOeWK8HpVxMtHHEMPVgBKiYyQ+f1/kLZh/cj9U=
github.com/betalixt/gorr v0.2.0 h1:Zn7vJERs5gQudMrGTdWZATqgvlo/h3cBMQISGiSIYS4=
github.com/betalixt/gorr v0.2.0/go.mod h1:+W0Hh34ZHm3GpI/CLjOJjXhsiZouz+PoCe/Hy/BhymQ=
github.com/betalixt/gorr v0.2.1 h1:pzP+PaW9R33d5haMl6eqsg9qaHuRbgRVQGODnDRRwEM=
github.com/betalixt/gorr v0.2.1/go.mod h1:+W0Hh34ZHm3GpI/CLjOJjXhsiZouz+PoCe/Hy/BhymQ=
github.com/satori/go.uuid v1.2.0 h1:0uYX9dsZ2yD7q2RtLRtPSdGDWzjeM3TbMJP9utgA0ww=
github.com/satori/go.uuid v1.2.0/go.mod h1:dA0hQrYB0VpLJoorglMZABFdXlWrHn1NEOzdhQKdks0=
